// !$*UTF8*$!
{
	archiveVersion = 1;
	classes = {
	};
	objectVersion = 55;
	objects = {

/* Begin PBXBuildFile section */
		02C9B9632880B3E10082AA64 /* AppDelegate.swift in Sources */ = {isa = PBXBuildFile; fileRef = 02C9B9622880B3E10082AA64 /* AppDelegate.swift */; };
		02C9B9652880B3E10082AA64 /* SceneDelegate.swift in Sources */ = {isa = PBXBuildFile; fileRef = 02C9B9642880B3E10082AA64 /* SceneDelegate.swift */; };
		02C9B9672880B3E10082AA64 /* ViewController.swift in Sources */ = {isa = PBXBuildFile; fileRef = 02C9B9662880B3E10082AA64 /* ViewController.swift */; };
		02C9B96A2880B3E10082AA64 /* Main.storyboard in Resources */ = {isa = PBXBuildFile; fileRef = 02C9B9682880B3E10082AA64 /* Main.storyboard */; };
		02C9B96C2880B3E30082AA64 /* Assets.xcassets in Resources */ = {isa = PBXBuildFile; fileRef = 02C9B96B2880B3E30082AA64 /* Assets.xcassets */; };
		02C9B96F2880B3E30082AA64 /* LaunchScreen.storyboard in Resources */ = {isa = PBXBuildFile; fileRef = 02C9B96D2880B3E30082AA64 /* LaunchScreen.storyboard */; };
		02C9B97D2880B9A50082AA64 /* NetworkManager.swift in Sources */ = {isa = PBXBuildFile; fileRef = 02C9B97C2880B9A50082AA64 /* NetworkManager.swift */; };
		02C9B97F2880EEF90082AA64 /* PokemonPage.swift in Sources */ = {isa = PBXBuildFile; fileRef = 02C9B97E2880EEF90082AA64 /* PokemonPage.swift */; };
		02C9B981288338990082AA64 /* PokiTableViewCell.swift in Sources */ = {isa = PBXBuildFile; fileRef = 02C9B980288338990082AA64 /* PokiTableViewCell.swift */; };
		02C9B9832883452E0082AA64 /* UIStackViewExtention.swift in Sources */ = {isa = PBXBuildFile; fileRef = 02C9B9822883452E0082AA64 /* UIStackViewExtention.swift */; };
		02C9B98528834A380082AA64 /* UIViewExtention.swift in Sources */ = {isa = PBXBuildFile; fileRef = 02C9B98428834A380082AA64 /* UIViewExtention.swift */; };
		02C9B98928849C480082AA64 /* DetailViewController.swift in Sources */ = {isa = PBXBuildFile; fileRef = 02C9B98828849C480082AA64 /* DetailViewController.swift */; };
		02C9B98B2885E0140082AA64 /* DetailPokemon.swift in Sources */ = {isa = PBXBuildFile; fileRef = 02C9B98A2885E0140082AA64 /* DetailPokemon.swift */; };
/* End PBXBuildFile section */

/* Begin PBXFileReference section */
		02C9B95F2880B3E10082AA64 /* Pokidoki.app */ = {isa = PBXFileReference; explicitFileType = wrapper.application; includeInIndex = 0; path = Pokidoki.app; sourceTree = BUILT_PRODUCTS_DIR; };
		02C9B9622880B3E10082AA64 /* AppDelegate.swift */ = {isa = PBXFileReference; lastKnownFileType = sourcecode.swift; path = AppDelegate.swift; sourceTree = "<group>"; };
		02C9B9642880B3E10082AA64 /* SceneDelegate.swift */ = {isa = PBXFileReference; lastKnownFileType = sourcecode.swift; path = SceneDelegate.swift; sourceTree = "<group>"; };
		02C9B9662880B3E10082AA64 /* ViewController.swift */ = {isa = PBXFileReference; lastKnownFileType = sourcecode.swift; path = ViewController.swift; sourceTree = "<group>"; };
		02C9B9692880B3E10082AA64 /* Base */ = {isa = PBXFileReference; lastKnownFileType = file.storyboard; name = Base; path = Base.lproj/Main.storyboard; sourceTree = "<group>"; };
		02C9B96B2880B3E30082AA64 /* Assets.xcassets */ = {isa = PBXFileReference; lastKnownFileType = folder.assetcatalog; path = Assets.xcassets; sourceTree = "<group>"; };
		02C9B96E2880B3E30082AA64 /* Base */ = {isa = PBXFileReference; lastKnownFileType = file.storyboard; name = Base; path = Base.lproj/LaunchScreen.storyboard; sourceTree = "<group>"; };
		02C9B9702880B3E30082AA64 /* Info.plist */ = {isa = PBXFileReference; lastKnownFileType = text.plist.xml; path = Info.plist; sourceTree = "<group>"; };
		02C9B97C2880B9A50082AA64 /* NetworkManager.swift */ = {isa = PBXFileReference; lastKnownFileType = sourcecode.swift; path = NetworkManager.swift; sourceTree = "<group>"; };
		02C9B97E2880EEF90082AA64 /* PokemonPage.swift */ = {isa = PBXFileReference; lastKnownFileType = sourcecode.swift; path = PokemonPage.swift; sourceTree = "<group>"; };
		02C9B980288338990082AA64 /* PokiTableViewCell.swift */ = {isa = PBXFileReference; lastKnownFileType = sourcecode.swift; path = PokiTableViewCell.swift; sourceTree = "<group>"; };
		02C9B9822883452E0082AA64 /* UIStackViewExtention.swift */ = {isa = PBXFileReference; lastKnownFileType = sourcecode.swift; path = UIStackViewExtention.swift; sourceTree = "<group>"; };
		02C9B98428834A380082AA64 /* UIViewExtention.swift */ = {isa = PBXFileReference; lastKnownFileType = sourcecode.swift; path = UIViewExtention.swift; sourceTree = "<group>"; };
		02C9B98828849C480082AA64 /* DetailViewController.swift */ = {isa = PBXFileReference; lastKnownFileType = sourcecode.swift; path = DetailViewController.swift; sourceTree = "<group>"; };
		02C9B98A2885E0140082AA64 /* DetailPokemon.swift */ = {isa = PBXFileReference; lastKnownFileType = sourcecode.swift; path = DetailPokemon.swift; sourceTree = "<group>"; };
/* End PBXFileReference section */

/* Begin PBXFrameworksBuildPhase section */
		02C9B95C2880B3E10082AA64 /* Frameworks */ = {
			isa = PBXFrameworksBuildPhase;
			buildActionMask = 2147483647;
			files = (
			);
			runOnlyForDeploymentPostprocessing = 0;
		};
/* End PBXFrameworksBuildPhase section */

/* Begin PBXGroup section */
		02C9B9562880B3E10082AA64 = {
			isa = PBXGroup;
			children = (
				02C9B9612880B3E10082AA64 /* Pokidoki */,
				02C9B9602880B3E10082AA64 /* Products */,
			);
			sourceTree = "<group>";
		};
		02C9B9602880B3E10082AA64 /* Products */ = {
			isa = PBXGroup;
			children = (
				02C9B95F2880B3E10082AA64 /* Pokidoki.app */,
			);
			name = Products;
			sourceTree = "<group>";
		};
		02C9B9612880B3E10082AA64 /* Pokidoki */ = {
			isa = PBXGroup;
			children = (
				02C9B97B2880B4610082AA64 /* Extention */,
				02C9B97A2880B4460082AA64 /* Resource */,
				02C9B9792880B4380082AA64 /* Service */,
				02C9B9782880B4250082AA64 /* View */,
				02C9B9772880B4130082AA64 /* Controller */,
				02C9B9762880B4050082AA64 /* Model */,
				02C9B9682880B3E10082AA64 /* Main.storyboard */,
				02C9B96B2880B3E30082AA64 /* Assets.xcassets */,
				02C9B96D2880B3E30082AA64 /* LaunchScreen.storyboard */,
				02C9B9702880B3E30082AA64 /* Info.plist */,
			);
			path = Pokidoki;
			sourceTree = "<group>";
		};
		02C9B9762880B4050082AA64 /* Model */ = {
			isa = PBXGroup;
			children = (
				02C9B97E2880EEF90082AA64 /* PokemonPage.swift */,
				02C9B98A2885E0140082AA64 /* DetailPokemon.swift */,
			);
			path = Model;
			sourceTree = "<group>";
		};
		02C9B9772880B4130082AA64 /* Controller */ = {
			isa = PBXGroup;
			children = (
				02C9B9662880B3E10082AA64 /* ViewController.swift */,
				02C9B98828849C480082AA64 /* DetailViewController.swift */,
			);
			path = Controller;
			sourceTree = "<group>";
		};
		02C9B9782880B4250082AA64 /* View */ = {
			isa = PBXGroup;
			children = (
				02C9B980288338990082AA64 /* PokiTableViewCell.swift */,
			);
			path = View;
			sourceTree = "<group>";
		};
		02C9B9792880B4380082AA64 /* Service */ = {
			isa = PBXGroup;
			children = (
				02C9B97C2880B9A50082AA64 /* NetworkManager.swift */,
			);
			path = Service;
			sourceTree = "<group>";
		};
		02C9B97A2880B4460082AA64 /* Resource */ = {
			isa = PBXGroup;
			children = (
				02C9B9622880B3E10082AA64 /* AppDelegate.swift */,
				02C9B9642880B3E10082AA64 /* SceneDelegate.swift */,
			);
			path = Resource;
			sourceTree = "<group>";
		};
		02C9B97B2880B4610082AA64 /* Extention */ = {
			isa = PBXGroup;
			children = (
				02C9B9822883452E0082AA64 /* UIStackViewExtention.swift */,
				02C9B98428834A380082AA64 /* UIViewExtention.swift */,
			);
			path = Extention;
			sourceTree = "<group>";
		};
/* End PBXGroup section */

/* Begin PBXNativeTarget section */
		02C9B95E2880B3E10082AA64 /* Pokidoki */ = {
			isa = PBXNativeTarget;
			buildConfigurationList = 02C9B9732880B3E30082AA64 /* Build configuration list for PBXNativeTarget "Pokidoki" */;
			buildPhases = (
				02C9B95B2880B3E10082AA64 /* Sources */,
				02C9B95C2880B3E10082AA64 /* Frameworks */,
				02C9B95D2880B3E10082AA64 /* Resources */,
			);
			buildRules = (
			);
			dependencies = (
			);
			name = Pokidoki;
			productName = Pokidoki;
			productReference = 02C9B95F2880B3E10082AA64 /* Pokidoki.app */;
			productType = "com.apple.product-type.application";
		};
/* End PBXNativeTarget section */

/* Begin PBXProject section */
		02C9B9572880B3E10082AA64 /* Project object */ = {
			isa = PBXProject;
			attributes = {
				BuildIndependentTargetsInParallel = 1;
				LastSwiftUpdateCheck = 1340;
				LastUpgradeCheck = 1340;
				TargetAttributes = {
					02C9B95E2880B3E10082AA64 = {
						CreatedOnToolsVersion = 13.4.1;
					};
				};
			};
			buildConfigurationList = 02C9B95A2880B3E10082AA64 /* Build configuration list for PBXProject "Pokidoki" */;
			compatibilityVersion = "Xcode 13.0";
			developmentRegion = en;
			hasScannedForEncodings = 0;
			knownRegions = (
				en,
				Base,
			);
			mainGroup = 02C9B9562880B3E10082AA64;
			productRefGroup = 02C9B9602880B3E10082AA64 /* Products */;
			projectDirPath = "";
			projectRoot = "";
			targets = (
				02C9B95E2880B3E10082AA64 /* Pokidoki */,
			);
		};
/* End PBXProject section */

/* Begin PBXResourcesBuildPhase section */
		02C9B95D2880B3E10082AA64 /* Resources */ = {
			isa = PBXResourcesBuildPhase;
			buildActionMask = 2147483647;
			files = (
				02C9B96F2880B3E30082AA64 /* LaunchScreen.storyboard in Resources */,
				02C9B96C2880B3E30082AA64 /* Assets.xcassets in Resources */,
				02C9B96A2880B3E10082AA64 /* Main.storyboard in Resources */,
			);
			runOnlyForDeploymentPostprocessing = 0;
		};
/* End PBXResourcesBuildPhase section */

/* Begin PBXSourcesBuildPhase section */
		02C9B95B2880B3E10082AA64 /* Sources */ = {
			isa = PBXSourcesBuildPhase;
			buildActionMask = 2147483647;
			files = (
				02C9B98928849C480082AA64 /* DetailViewController.swift in Sources */,
				02C9B9832883452E0082AA64 /* UIStackViewExtention.swift in Sources */,
				02C9B97D2880B9A50082AA64 /* NetworkManager.swift in Sources */,
				02C9B98B2885E0140082AA64 /* DetailPokemon.swift in Sources */,
				02C9B9672880B3E10082AA64 /* ViewController.swift in Sources */,
				02C9B981288338990082AA64 /* PokiTableViewCell.swift in Sources */,
				02C9B9632880B3E10082AA64 /* AppDelegate.swift in Sources */,
				02C9B97F2880EEF90082AA64 /* PokemonPage.swift in Sources */,
				02C9B9652880B3E10082AA64 /* SceneDelegate.swift in Sources */,
				02C9B98528834A380082AA64 /* UIViewExtention.swift in Sources */,
			);
			runOnlyForDeploymentPostprocessing = 0;
		};
/* End PBXSourcesBuildPhase section */

/* Begin PBXVariantGroup section */
		02C9B9682880B3E10082AA64 /* Main.storyboard */ = {
			isa = PBXVariantGroup;
			children = (
				02C9B9692880B3E10082AA64 /* Base */,
			);
			name = Main.storyboard;
			sourceTree = "<group>";
		};
		02C9B96D2880B3E30082AA64 /* LaunchScreen.storyboard */ = {
			isa = PBXVariantGroup;
			children = (
				02C9B96E2880B3E30082AA64 /* Base */,
			);
			name = LaunchScreen.storyboard;
			sourceTree = "<group>";
		};
/* End PBXVariantGroup section */

/* Begin XCBuildConfiguration section */
		02C9B9712880B3E30082AA64 /* Debug */ = {
			isa = XCBuildConfiguration;
			buildSettings = {
				ALWAYS_SEARCH_USER_PATHS = NO;
				CLANG_ANALYZER_NONNULL = YES;
				CLANG_ANALYZER_NUMBER_OBJECT_CONVERSION = YES_AGGRESSIVE;
				CLANG_CXX_LANGUAGE_STANDARD = "gnu++17";
				CLANG_ENABLE_MODULES = YES;
				CLANG_ENABLE_OBJC_ARC = YES;
				CLANG_ENABLE_OBJC_WEAK = YES;
				CLANG_WARN_BLOCK_CAPTURE_AUTORELEASING = YES;
				CLANG_WARN_BOOL_CONVERSION = YES;
				CLANG_WARN_COMMA = YES;
				CLANG_WARN_CONSTANT_CONVERSION = YES;
				CLANG_WARN_DEPRECATED_OBJC_IMPLEMENTATIONS = YES;
				CLANG_WARN_DIRECT_OBJC_ISA_USAGE = YES_ERROR;
				CLANG_WARN_DOCUMENTATION_COMMENTS = YES;
				CLANG_WARN_EMPTY_BODY = YES;
				CLANG_WARN_ENUM_CONVERSION = YES;
				CLANG_WARN_INFINITE_RECURSION = YES;
				CLANG_WARN_INT_CONVERSION = YES;
				CLANG_WARN_NON_LITERAL_NULL_CONVERSION = YES;
				CLANG_WARN_OBJC_IMPLICIT_RETAIN_SELF = YES;
				CLANG_WARN_OBJC_LITERAL_CONVERSION = YES;
				CLANG_WARN_OBJC_ROOT_CLASS = YES_ERROR;
				CLANG_WARN_QUOTED_INCLUDE_IN_FRAMEWORK_HEADER = YES;
				CLANG_WARN_RANGE_LOOP_ANALYSIS = YES;
				CLANG_WARN_STRICT_PROTOTYPES = YES;
				CLANG_WARN_SUSPICIOUS_MOVE = YES;
				CLANG_WARN_UNGUARDED_AVAILABILITY = YES_AGGRESSIVE;
				CLANG_WARN_UNREACHABLE_CODE = YES;
				CLANG_WARN__DUPLICATE_METHOD_MATCH = YES;
				COPY_PHASE_STRIP = NO;
				DEBUG_INFORMATION_FORMAT = dwarf;
				ENABLE_STRICT_OBJC_MSGSEND = YES;
				ENABLE_TESTABILITY = YES;
				GCC_C_LANGUAGE_STANDARD = gnu11;
				GCC_DYNAMIC_NO_PIC = NO;
				GCC_NO_COMMON_BLOCKS = YES;
				GCC_OPTIMIZATION_LEVEL = 0;
				GCC_PREPROCESSOR_DEFINITIONS = (
					"DEBUG=1",
					"$(inherited)",
				);
				GCC_WARN_64_TO_32_BIT_CONVERSION = YES;
				GCC_WARN_ABOUT_RETURN_TYPE = YES_ERROR;
				GCC_WARN_UNDECLARED_SELECTOR = YES;
				GCC_WARN_UNINITIALIZED_AUTOS = YES_AGGRESSIVE;
				GCC_WARN_UNUSED_FUNCTION = YES;
				GCC_WARN_UNUSED_VARIABLE = YES;
				IPHONEOS_DEPLOYMENT_TARGET = 15.5;
				MTL_ENABLE_DEBUG_INFO = INCLUDE_SOURCE;
				MTL_FAST_MATH = YES;
				ONLY_ACTIVE_ARCH = YES;
				SDKROOT = iphoneos;
				SWIFT_ACTIVE_COMPILATION_CONDITIONS = DEBUG;
				SWIFT_OPTIMIZATION_LEVEL = "-Onone";
			};
			name = Debug;
		};
		02C9B9722880B3E30082AA64 /* Release */ = {
			isa = XCBuildConfiguration;
			buildSettings = {
				ALWAYS_SEARCH_USER_PATHS = NO;
				CLANG_ANALYZER_NONNULL = YES;
				CLANG_ANALYZER_NUMBER_OBJECT_CONVERSION = YES_AGGRESSIVE;
				CLANG_CXX_LANGUAGE_STANDARD = "gnu++17";
				CLANG_ENABLE_MODULES = YES;
				CLANG_ENABLE_OBJC_ARC = YES;
				CLANG_ENABLE_OBJC_WEAK = YES;
				CLANG_WARN_BLOCK_CAPTURE_AUTORELEASING = YES;
				CLANG_WARN_BOOL_CONVERSION = YES;
				CLANG_WARN_COMMA = YES;
				CLANG_WARN_CONSTANT_CONVERSION = YES;
				CLANG_WARN_DEPRECATED_OBJC_IMPLEMENTATIONS = YES;
				CLANG_WARN_DIRECT_OBJC_ISA_USAGE = YES_ERROR;
				CLANG_WARN_DOCUMENTATION_COMMENTS = YES;
				CLANG_WARN_EMPTY_BODY = YES;
				CLANG_WARN_ENUM_CONVERSION = YES;
				CLANG_WARN_INFINITE_RECURSION = YES;
				CLANG_WARN_INT_CONVERSION = YES;
				CLANG_WARN_NON_LITERAL_NULL_CONVERSION = YES;
				CLANG_WARN_OBJC_IMPLICIT_RETAIN_SELF = YES;
				CLANG_WARN_OBJC_LITERAL_CONVERSION = YES;
				CLANG_WARN_OBJC_ROOT_CLASS = YES_ERROR;
				CLANG_WARN_QUOTED_INCLUDE_IN_FRAMEWORK_HEADER = YES;
				CLANG_WARN_RANGE_LOOP_ANALYSIS = YES;
				CLANG_WARN_STRICT_PROTOTYPES = YES;
				CLANG_WARN_SUSPICIOUS_MOVE = YES;
				CLANG_WARN_UNGUARDED_AVAILABILITY = YES_AGGRESSIVE;
				CLANG_WARN_UNREACHABLE_CODE = YES;
				CLANG_WARN__DUPLICATE_METHOD_MATCH = YES;
				COPY_PHASE_STRIP = NO;
				DEBUG_INFORMATION_FORMAT = "dwarf-with-dsym";
				ENABLE_NS_ASSERTIONS = NO;
				ENABLE_STRICT_OBJC_MSGSEND = YES;
				GCC_C_LANGUAGE_STANDARD = gnu11;
				GCC_NO_COMMON_BLOCKS = YES;
				GCC_WARN_64_TO_32_BIT_CONVERSION = YES;
				GCC_WARN_ABOUT_RETURN_TYPE = YES_ERROR;
				GCC_WARN_UNDECLARED_SELECTOR = YES;
				GCC_WARN_UNINITIALIZED_AUTOS = YES_AGGRESSIVE;
				GCC_WARN_UNUSED_FUNCTION = YES;
				GCC_WARN_UNUSED_VARIABLE = YES;
				IPHONEOS_DEPLOYMENT_TARGET = 15.5;
				MTL_ENABLE_DEBUG_INFO = NO;
				MTL_FAST_MATH = YES;
				SDKROOT = iphoneos;
				SWIFT_COMPILATION_MODE = wholemodule;
				SWIFT_OPTIMIZATION_LEVEL = "-O";
				VALIDATE_PRODUCT = YES;
			};
			name = Release;
		};
		02C9B9742880B3E30082AA64 /* Debug */ = {
			isa = XCBuildConfiguration;
			buildSettings = {
				ASSETCATALOG_COMPILER_APPICON_NAME = AppIcon;
				ASSETCATALOG_COMPILER_GLOBAL_ACCENT_COLOR_NAME = AccentColor;
				CODE_SIGN_STYLE = Automatic;
				CURRENT_PROJECT_VERSION = 1;
				GENERATE_INFOPLIST_FILE = YES;
				INFOPLIST_FILE = Pokidoki/Info.plist;
				INFOPLIST_KEY_UIApplicationSupportsIndirectInputEvents = YES;
				INFOPLIST_KEY_UILaunchStoryboardName = LaunchScreen;
				INFOPLIST_KEY_UIMainStoryboardFile = Main;
				INFOPLIST_KEY_UISupportedInterfaceOrientations_iPad = "UIInterfaceOrientationPortrait UIInterfaceOrientationPortraitUpsideDown UIInterfaceOrientationLandscapeLeft UIInterfaceOrientationLandscapeRight";
				INFOPLIST_KEY_UISupportedInterfaceOrientations_iPhone = "UIInterfaceOrientationPortrait UIInterfaceOrientationLandscapeLeft UIInterfaceOrientationLandscapeRight";
				LD_RUNPATH_SEARCH_PATHS = (
					"$(inherited)",
					"@executable_path/Frameworks",
				);
				MARKETING_VERSION = 1.0;
				PRODUCT_BUNDLE_IDENTIFIER = mederland.Pokidoki;
				PRODUCT_NAME = "$(TARGET_NAME)";
				SWIFT_EMIT_LOC_STRINGS = YES;
				SWIFT_VERSION = 5.0;
				TARGETED_DEVICE_FAMILY = "1,2";
			};
			name = Debug;
		};
		02C9B9752880B3E30082AA64 /* Release */ = {
			isa = XCBuildConfiguration;
			buildSettings = {
				ASSETCATALOG_COMPILER_APPICON_NAME = AppIcon;
				ASSETCATALOG_COMPILER_GLOBAL_ACCENT_COLOR_NAME = AccentColor;
				CODE_SIGN_STYLE = Automatic;
				CURRENT_PROJECT_VERSION = 1;
				GENERATE_INFOPLIST_FILE = YES;
				INFOPLIST_FILE = Pokidoki/Info.plist;
				INFOPLIST_KEY_UIApplicationSupportsIndirectInputEvents = YES;
				INFOPLIST_KEY_UILaunchStoryboardName = LaunchScreen;
				INFOPLIST_KEY_UIMainStoryboardFile = Main;
				INFOPLIST_KEY_UISupportedInterfaceOrientations_iPad = "UIInterfaceOrientationPortrait UIInterfaceOrientationPortraitUpsideDown UIInterfaceOrientationLandscapeLeft UIInterfaceOrientationLandscapeRight";
				INFOPLIST_KEY_UISupportedInterfaceOrientations_iPhone = "UIInterfaceOrientationPortrait UIInterfaceOrientationLandscapeLeft UIInterfaceOrientationLandscapeRight";
				LD_RUNPATH_SEARCH_PATHS = (
					"$(inherited)",
					"@executable_path/Frameworks",
				);
				MARKETING_VERSION = 1.0;
				PRODUCT_BUNDLE_IDENTIFIER = mederland.Pokidoki;
				PRODUCT_NAME = "$(TARGET_NAME)";
				SWIFT_EMIT_LOC_STRINGS = YES;
				SWIFT_VERSION = 5.0;
				TARGETED_DEVICE_FAMILY = "1,2";
			};
			name = Release;
		};
/* End XCBuildConfiguration section */

/* Begin XCConfigurationList section */
		02C9B95A2880B3E10082AA64 /* Build configuration list for PBXProject "Pokidoki" */ = {
			isa = XCConfigurationList;
			buildConfigurations = (
				02C9B9712880B3E30082AA64 /* Debug */,
				02C9B9722880B3E30082AA64 /* Release */,
			);
			defaultConfigurationIsVisible = 0;
			defaultConfigurationName = Release;
		};
		02C9B9732880B3E30082AA64 /* Build configuration list for PBXNativeTarget "Pokidoki" */ = {
			isa = XCConfigurationList;
			buildConfigurations = (
				02C9B9742880B3E30082AA64 /* Debug */,
				02C9B9752880B3E30082AA64 /* Release */,
			);
			defaultConfigurationIsVisible = 0;
			defaultConfigurationName = Release;
		};
/* End XCConfigurationList section */
	};
	rootObject = 02C9B9572880B3E10082AA64 /* Project object */;
}
